{
  "object": {
    "pins": [
      {
        "package": "Navigator",
        "repositoryURL": "/Users/lihao10/Desktop/github/Navigator",
        "state": {
          "branch": "main",
          "revision": "794f8a0092b32a23b915f92eb994760efef64dc1",
          "version": null
        }
      }
    ]
  },
  "version": 1
}
