{
  "object": {
    "pins": [
      {
        "package": "Navigator",
        "repositoryURL": "https://github.com/GodL/Navigator.git",
        "state": {
          "branch": null,
          "revision": "7f5e0959b4f748435abfef928948d980e85bb7b9",
          "version": "1.0.0"
        }
      }
    ]
  },
  "version": 1
}
